
Microsoft Visual Studio Solution File, Format Version 12.00
# Visual Studio Version 17
VisualStudioVersion = 17.0.32014.148
MinimumVisualStudioVersion = 10.0.40219.1
Project("{9A19103F-16F7-4668-BE54-9A1E7A4F7556}") = "Web", "src\Web\Web.csproj", "{0FEC9726-7064-43CE-8273-EABB85FF3AD0}"
EndProject
Project("{9A19103F-16F7-4668-BE54-9A1E7A4F7556}") = "Domain", "src\Domain\Domain.csproj", "{FD20E346-61F4-4025-A0FF-49950B5D3175}"
EndProject
Project("{2150E333-8FDC-42A3-9474-1A3956D46DE8}") = "Solution Items", "Solution Items", "{73B46DB2-FA59-45F7-87CF-768EB292D383}"
	ProjectSection(SolutionItems) = preProject
		.editorconfig = .editorconfig
	EndProjectSection
EndProject
Project("{2150E333-8FDC-42A3-9474-1A3956D46DE8}") = "src", "src", "{D09E8C0A-4491-4497-B734-E17AECD94BBF}"
EndProject
Project("{2150E333-8FDC-42A3-9474-1A3956D46DE8}") = "tests", "tests", "{042C6079-805A-4107-B905-53A406DBA345}"
EndProject
Global
	GlobalSection(SolutionConfigurationPlatforms) = preSolution
		Debug|Any CPU = Debug|Any CPU
		Release|Any CPU = Release|Any CPU
	EndGlobalSection
	GlobalSection(ProjectConfigurationPlatforms) = postSolution
		{0FEC9726-7064-43CE-8273-EABB85FF3AD0}.Debug|Any CPU.ActiveCfg = Debug|Any CPU
		{0FEC9726-7064-43CE-8273-EABB85FF3AD0}.Debug|Any CPU.Build.0 = Debug|Any CPU
		{0FEC9726-7064-43CE-8273-EABB85FF3AD0}.Release|Any CPU.ActiveCfg = Release|Any CPU
		{0FEC9726-7064-43CE-8273-EABB85FF3AD0}.Release|Any CPU.Build.0 = Release|Any CPU
		{FD20E346-61F4-4025-A0FF-49950B5D3175}.Debug|Any CPU.ActiveCfg = Debug|Any CPU
		{FD20E346-61F4-4025-A0FF-49950B5D3175}.Debug|Any CPU.Build.0 = Debug|Any CPU
		{FD20E346-61F4-4025-A0FF-49950B5D3175}.Release|Any CPU.ActiveCfg = Release|Any CPU
		{FD20E346-61F4-4025-A0FF-49950B5D3175}.Release|Any CPU.Build.0 = Release|Any CPU
	EndGlobalSection
	GlobalSection(SolutionProperties) = preSolution
		HideSolutionNode = FALSE
	EndGlobalSection
	GlobalSection(NestedProjects) = preSolution
		{0FEC9726-7064-43CE-8273-EABB85FF3AD0} = {D09E8C0A-4491-4497-B734-E17AECD94BBF}
		{FD20E346-61F4-4025-A0FF-49950B5D3175} = {D09E8C0A-4491-4497-B734-E17AECD94BBF}
	EndGlobalSection
	GlobalSection(ExtensibilityGlobals) = postSolution
		SolutionGuid = {7D06C9F8-8F26-463E-A924-B3E483D77F1D}
	EndGlobalSection
EndGlobal
